// !$*UTF8*$!
{
	archiveVersion = 1;
	classes = {
	};
	objectVersion = 55;
	objects = {

/* Begin PBXBuildFile section */
		4C42C06927DCC71700E87EB3 /* TidalCodingChallengeApp.swift in Sources */ = {isa = PBXBuildFile; fileRef = 4C42C06827DCC71700E87EB3 /* TidalCodingChallengeApp.swift */; };
		4C42C06B27DCC71700E87EB3 /* ContentView.swift in Sources */ = {isa = PBXBuildFile; fileRef = 4C42C06A27DCC71700E87EB3 /* ContentView.swift */; };
		4C42C06D27DCC71800E87EB3 /* Assets.xcassets in Resources */ = {isa = PBXBuildFile; fileRef = 4C42C06C27DCC71800E87EB3 /* Assets.xcassets */; };
		4C42C07027DCC71800E87EB3 /* Preview Assets.xcassets in Resources */ = {isa = PBXBuildFile; fileRef = 4C42C06F27DCC71800E87EB3 /* Preview Assets.xcassets */; };
		4C42C07A27DCC71800E87EB3 /* TidalCodingChallengeTests.swift in Sources */ = {isa = PBXBuildFile; fileRef = 4C42C07927DCC71800E87EB3 /* TidalCodingChallengeTests.swift */; };
		4C42C08427DCC71800E87EB3 /* TidalCodingChallengeUITests.swift in Sources */ = {isa = PBXBuildFile; fileRef = 4C42C08327DCC71800E87EB3 /* TidalCodingChallengeUITests.swift */; };
		4C42C08627DCC71800E87EB3 /* TidalCodingChallengeUITestsLaunchTests.swift in Sources */ = {isa = PBXBuildFile; fileRef = 4C42C08527DCC71800E87EB3 /* TidalCodingChallengeUITestsLaunchTests.swift */; };
		4C42C09427DCCCF300E87EB3 /* Track.swift in Sources */ = {isa = PBXBuildFile; fileRef = 4C42C09327DCCCF300E87EB3 /* Track.swift */; };
		4C42C09627DCCD0F00E87EB3 /* Album.swift in Sources */ = {isa = PBXBuildFile; fileRef = 4C42C09527DCCD0F00E87EB3 /* Album.swift */; };
		4C42C09827DCCD2400E87EB3 /* Artist.swift in Sources */ = {isa = PBXBuildFile; fileRef = 4C42C09727DCCD2400E87EB3 /* Artist.swift */; };
		4C42C09A27DCCD4300E87EB3 /* StringExtensions.swift in Sources */ = {isa = PBXBuildFile; fileRef = 4C42C09927DCCD4300E87EB3 /* StringExtensions.swift */; };
		4C42C09C27DCCE1D00E87EB3 /* SearchedArtistResult.swift in Sources */ = {isa = PBXBuildFile; fileRef = 4C42C09B27DCCE1D00E87EB3 /* SearchedArtistResult.swift */; };
		4C42C09E27DCCE6600E87EB3 /* SearchedTrackResult.swift in Sources */ = {isa = PBXBuildFile; fileRef = 4C42C09D27DCCE6600E87EB3 /* SearchedTrackResult.swift */; };
		4C42C0A027DCCE6D00E87EB3 /* SearchedAlbumResult.swift in Sources */ = {isa = PBXBuildFile; fileRef = 4C42C09F27DCCE6D00E87EB3 /* SearchedAlbumResult.swift */; };
		4C42C0A727DCCF2900E87EB3 /* testArtistSearch.json in Resources */ = {isa = PBXBuildFile; fileRef = 4C42C0A427DCCF2900E87EB3 /* testArtistSearch.json */; };
		4C42C0A827DCCF2900E87EB3 /* testAlbumSearch.json in Resources */ = {isa = PBXBuildFile; fileRef = 4C42C0A527DCCF2900E87EB3 /* testAlbumSearch.json */; };
		4C42C0A927DCCF2900E87EB3 /* testTrackSearch.json in Resources */ = {isa = PBXBuildFile; fileRef = 4C42C0A627DCCF2900E87EB3 /* testTrackSearch.json */; };
		4C42C0AC27DCCF5B00E87EB3 /* XCTestCaseExtensions.swift in Sources */ = {isa = PBXBuildFile; fileRef = 4C42C0AB27DCCF5B00E87EB3 /* XCTestCaseExtensions.swift */; };
		4C42C0AE27DCCF8600E87EB3 /* SearchedArtistTests.swift in Sources */ = {isa = PBXBuildFile; fileRef = 4C42C0AD27DCCF8600E87EB3 /* SearchedArtistTests.swift */; };
		4C42C0B227DCCFDD00E87EB3 /* SearchedAlbumTests.swift in Sources */ = {isa = PBXBuildFile; fileRef = 4C42C0B127DCCFDD00E87EB3 /* SearchedAlbumTests.swift */; };
		4C42C0B427DCCFE700E87EB3 /* SearchedTrackTests.swift in Sources */ = {isa = PBXBuildFile; fileRef = 4C42C0B327DCCFE700E87EB3 /* SearchedTrackTests.swift */; };
/* End PBXBuildFile section */

/* Begin PBXContainerItemProxy section */
		4C42C07627DCC71800E87EB3 /* PBXContainerItemProxy */ = {
			isa = PBXContainerItemProxy;
			containerPortal = 4C42C05D27DCC71700E87EB3 /* Project object */;
			proxyType = 1;
			remoteGlobalIDString = 4C42C06427DCC71700E87EB3;
			remoteInfo = TidalCodingChallenge;
		};
		4C42C08027DCC71800E87EB3 /* PBXContainerItemProxy */ = {
			isa = PBXContainerItemProxy;
			containerPortal = 4C42C05D27DCC71700E87EB3 /* Project object */;
			proxyType = 1;
			remoteGlobalIDString = 4C42C06427DCC71700E87EB3;
			remoteInfo = TidalCodingChallenge;
		};
/* End PBXContainerItemProxy section */

/* Begin PBXFileReference section */
		4C42C06527DCC71700E87EB3 /* TidalCodingChallenge.app */ = {isa = PBXFileReference; explicitFileType = wrapper.application; includeInIndex = 0; path = TidalCodingChallenge.app; sourceTree = BUILT_PRODUCTS_DIR; };
		4C42C06827DCC71700E87EB3 /* TidalCodingChallengeApp.swift */ = {isa = PBXFileReference; lastKnownFileType = sourcecode.swift; path = TidalCodingChallengeApp.swift; sourceTree = "<group>"; };
		4C42C06A27DCC71700E87EB3 /* ContentView.swift */ = {isa = PBXFileReference; lastKnownFileType = sourcecode.swift; path = ContentView.swift; sourceTree = "<group>"; };
		4C42C06C27DCC71800E87EB3 /* Assets.xcassets */ = {isa = PBXFileReference; lastKnownFileType = folder.assetcatalog; path = Assets.xcassets; sourceTree = "<group>"; };
		4C42C06F27DCC71800E87EB3 /* Preview Assets.xcassets */ = {isa = PBXFileReference; lastKnownFileType = folder.assetcatalog; path = "Preview Assets.xcassets"; sourceTree = "<group>"; };
		4C42C07527DCC71800E87EB3 /* TidalCodingChallengeTests.xctest */ = {isa = PBXFileReference; explicitFileType = wrapper.cfbundle; includeInIndex = 0; path = TidalCodingChallengeTests.xctest; sourceTree = BUILT_PRODUCTS_DIR; };
		4C42C07927DCC71800E87EB3 /* TidalCodingChallengeTests.swift */ = {isa = PBXFileReference; lastKnownFileType = sourcecode.swift; path = TidalCodingChallengeTests.swift; sourceTree = "<group>"; };
		4C42C07F27DCC71800E87EB3 /* TidalCodingChallengeUITests.xctest */ = {isa = PBXFileReference; explicitFileType = wrapper.cfbundle; includeInIndex = 0; path = TidalCodingChallengeUITests.xctest; sourceTree = BUILT_PRODUCTS_DIR; };
		4C42C08327DCC71800E87EB3 /* TidalCodingChallengeUITests.swift */ = {isa = PBXFileReference; lastKnownFileType = sourcecode.swift; path = TidalCodingChallengeUITests.swift; sourceTree = "<group>"; };
		4C42C08527DCC71800E87EB3 /* TidalCodingChallengeUITestsLaunchTests.swift */ = {isa = PBXFileReference; lastKnownFileType = sourcecode.swift; path = TidalCodingChallengeUITestsLaunchTests.swift; sourceTree = "<group>"; };
		4C42C09327DCCCF300E87EB3 /* Track.swift */ = {isa = PBXFileReference; lastKnownFileType = sourcecode.swift; path = Track.swift; sourceTree = "<group>"; };
		4C42C09527DCCD0F00E87EB3 /* Album.swift */ = {isa = PBXFileReference; lastKnownFileType = sourcecode.swift; path = Album.swift; sourceTree = "<group>"; };
		4C42C09727DCCD2400E87EB3 /* Artist.swift */ = {isa = PBXFileReference; lastKnownFileType = sourcecode.swift; path = Artist.swift; sourceTree = "<group>"; };
		4C42C09927DCCD4300E87EB3 /* StringExtensions.swift */ = {isa = PBXFileReference; lastKnownFileType = sourcecode.swift; path = StringExtensions.swift; sourceTree = "<group>"; };
		4C42C09B27DCCE1D00E87EB3 /* SearchedArtistResult.swift */ = {isa = PBXFileReference; lastKnownFileType = sourcecode.swift; path = SearchedArtistResult.swift; sourceTree = "<group>"; };
		4C42C09D27DCCE6600E87EB3 /* SearchedTrackResult.swift */ = {isa = PBXFileReference; lastKnownFileType = sourcecode.swift; path = SearchedTrackResult.swift; sourceTree = "<group>"; };
		4C42C09F27DCCE6D00E87EB3 /* SearchedAlbumResult.swift */ = {isa = PBXFileReference; lastKnownFileType = sourcecode.swift; path = SearchedAlbumResult.swift; sourceTree = "<group>"; };
		4C42C0A427DCCF2900E87EB3 /* testArtistSearch.json */ = {isa = PBXFileReference; fileEncoding = 4; lastKnownFileType = text.json; path = testArtistSearch.json; sourceTree = "<group>"; };
		4C42C0A527DCCF2900E87EB3 /* testAlbumSearch.json */ = {isa = PBXFileReference; fileEncoding = 4; lastKnownFileType = text.json; path = testAlbumSearch.json; sourceTree = "<group>"; };
		4C42C0A627DCCF2900E87EB3 /* testTrackSearch.json */ = {isa = PBXFileReference; fileEncoding = 4; lastKnownFileType = text.json; path = testTrackSearch.json; sourceTree = "<group>"; };
		4C42C0AB27DCCF5B00E87EB3 /* XCTestCaseExtensions.swift */ = {isa = PBXFileReference; lastKnownFileType = sourcecode.swift; path = XCTestCaseExtensions.swift; sourceTree = "<group>"; };
		4C42C0AD27DCCF8600E87EB3 /* SearchedArtistTests.swift */ = {isa = PBXFileReference; lastKnownFileType = sourcecode.swift; path = SearchedArtistTests.swift; sourceTree = "<group>"; };
		4C42C0B127DCCFDD00E87EB3 /* SearchedAlbumTests.swift */ = {isa = PBXFileReference; lastKnownFileType = sourcecode.swift; path = SearchedAlbumTests.swift; sourceTree = "<group>"; };
		4C42C0B327DCCFE700E87EB3 /* SearchedTrackTests.swift */ = {isa = PBXFileReference; lastKnownFileType = sourcecode.swift; path = SearchedTrackTests.swift; sourceTree = "<group>"; };
/* End PBXFileReference section */

/* Begin PBXFrameworksBuildPhase section */
		4C42C06227DCC71700E87EB3 /* Frameworks */ = {
			isa = PBXFrameworksBuildPhase;
			buildActionMask = 2147483647;
			files = (
			);
			runOnlyForDeploymentPostprocessing = 0;
		};
		4C42C07227DCC71800E87EB3 /* Frameworks */ = {
			isa = PBXFrameworksBuildPhase;
			buildActionMask = 2147483647;
			files = (
			);
			runOnlyForDeploymentPostprocessing = 0;
		};
		4C42C07C27DCC71800E87EB3 /* Frameworks */ = {
			isa = PBXFrameworksBuildPhase;
			buildActionMask = 2147483647;
			files = (
			);
			runOnlyForDeploymentPostprocessing = 0;
		};
/* End PBXFrameworksBuildPhase section */

/* Begin PBXGroup section */
		4C42C05C27DCC71700E87EB3 = {
			isa = PBXGroup;
			children = (
				4C42C06727DCC71700E87EB3 /* TidalCodingChallenge */,
				4C42C07827DCC71800E87EB3 /* TidalCodingChallengeTests */,
				4C42C08227DCC71800E87EB3 /* TidalCodingChallengeUITests */,
				4C42C06627DCC71700E87EB3 /* Products */,
			);
			sourceTree = "<group>";
		};
		4C42C06627DCC71700E87EB3 /* Products */ = {
			isa = PBXGroup;
			children = (
				4C42C06527DCC71700E87EB3 /* TidalCodingChallenge.app */,
				4C42C07527DCC71800E87EB3 /* TidalCodingChallengeTests.xctest */,
				4C42C07F27DCC71800E87EB3 /* TidalCodingChallengeUITests.xctest */,
			);
			name = Products;
			sourceTree = "<group>";
		};
		4C42C06727DCC71700E87EB3 /* TidalCodingChallenge */ = {
			isa = PBXGroup;
			children = (
				4C42C0A327DCCEFB00E87EB3 /* Setup */,
				4C42C06A27DCC71700E87EB3 /* ContentView.swift */,
				4C42C0A127DCCEB000E87EB3 /* Extensions */,
				4C42C09227DCCCE700E87EB3 /* Models */,
				4C42C0A227DCCEE600E87EB3 /* Resources */,
			);
			path = TidalCodingChallenge;
			sourceTree = "<group>";
		};
		4C42C06E27DCC71800E87EB3 /* Preview Content */ = {
			isa = PBXGroup;
			children = (
				4C42C06F27DCC71800E87EB3 /* Preview Assets.xcassets */,
			);
			path = "Preview Content";
			sourceTree = "<group>";
		};
		4C42C07827DCC71800E87EB3 /* TidalCodingChallengeTests */ = {
			isa = PBXGroup;
			children = (
				4C42C07927DCC71800E87EB3 /* TidalCodingChallengeTests.swift */,
				4C42C0B027DCCFA300E87EB3 /* Extensions */,
				4C42C0AF27DCCF8B00E87EB3 /* Models */,
				4C42C0AA27DCCF3D00E87EB3 /* Resources */,
			);
			path = TidalCodingChallengeTests;
			sourceTree = "<group>";
		};
		4C42C08227DCC71800E87EB3 /* TidalCodingChallengeUITests */ = {
			isa = PBXGroup;
			children = (
				4C42C08327DCC71800E87EB3 /* TidalCodingChallengeUITests.swift */,
				4C42C08527DCC71800E87EB3 /* TidalCodingChallengeUITestsLaunchTests.swift */,
			);
			path = TidalCodingChallengeUITests;
			sourceTree = "<group>";
		};
		4C42C09227DCCCE700E87EB3 /* Models */ = {
			isa = PBXGroup;
			children = (
				4C42C09B27DCCE1D00E87EB3 /* SearchedArtistResult.swift */,
				4C42C09F27DCCE6D00E87EB3 /* SearchedAlbumResult.swift */,
				4C42C09D27DCCE6600E87EB3 /* SearchedTrackResult.swift */,
				4C42C09327DCCCF300E87EB3 /* Track.swift */,
				4C42C09527DCCD0F00E87EB3 /* Album.swift */,
				4C42C09727DCCD2400E87EB3 /* Artist.swift */,
			);
			path = Models;
			sourceTree = "<group>";
		};
		4C42C0A127DCCEB000E87EB3 /* Extensions */ = {
			isa = PBXGroup;
			children = (
				4C42C09927DCCD4300E87EB3 /* StringExtensions.swift */,
			);
			path = Extensions;
			sourceTree = "<group>";
		};
		4C42C0A227DCCEE600E87EB3 /* Resources */ = {
			isa = PBXGroup;
			children = (
				4C42C06C27DCC71800E87EB3 /* Assets.xcassets */,
				4C42C06E27DCC71800E87EB3 /* Preview Content */,
			);
			path = Resources;
			sourceTree = "<group>";
		};
		4C42C0A327DCCEFB00E87EB3 /* Setup */ = {
			isa = PBXGroup;
			children = (
				4C42C06827DCC71700E87EB3 /* TidalCodingChallengeApp.swift */,
			);
			path = Setup;
			sourceTree = "<group>";
		};
		4C42C0AA27DCCF3D00E87EB3 /* Resources */ = {
			isa = PBXGroup;
			children = (
				4C42C0A527DCCF2900E87EB3 /* testAlbumSearch.json */,
				4C42C0A427DCCF2900E87EB3 /* testArtistSearch.json */,
				4C42C0A627DCCF2900E87EB3 /* testTrackSearch.json */,
			);
			path = Resources;
			sourceTree = "<group>";
		};
		4C42C0AF27DCCF8B00E87EB3 /* Models */ = {
			isa = PBXGroup;
			children = (
				4C42C0AD27DCCF8600E87EB3 /* SearchedArtistTests.swift */,
				4C42C0B127DCCFDD00E87EB3 /* SearchedAlbumTests.swift */,
				4C42C0B327DCCFE700E87EB3 /* SearchedTrackTests.swift */,
			);
			path = Models;
			sourceTree = "<group>";
		};
		4C42C0B027DCCFA300E87EB3 /* Extensions */ = {
			isa = PBXGroup;
			children = (
				4C42C0AB27DCCF5B00E87EB3 /* XCTestCaseExtensions.swift */,
			);
			path = Extensions;
			sourceTree = "<group>";
		};
/* End PBXGroup section */

/* Begin PBXNativeTarget section */
		4C42C06427DCC71700E87EB3 /* TidalCodingChallenge */ = {
			isa = PBXNativeTarget;
			buildConfigurationList = 4C42C08927DCC71800E87EB3 /* Build configuration list for PBXNativeTarget "TidalCodingChallenge" */;
			buildPhases = (
				4C42C06127DCC71700E87EB3 /* Sources */,
				4C42C06227DCC71700E87EB3 /* Frameworks */,
				4C42C06327DCC71700E87EB3 /* Resources */,
			);
			buildRules = (
			);
			dependencies = (
			);
			name = TidalCodingChallenge;
			productName = TidalCodingChallenge;
			productReference = 4C42C06527DCC71700E87EB3 /* TidalCodingChallenge.app */;
			productType = "com.apple.product-type.application";
		};
		4C42C07427DCC71800E87EB3 /* TidalCodingChallengeTests */ = {
			isa = PBXNativeTarget;
			buildConfigurationList = 4C42C08C27DCC71800E87EB3 /* Build configuration list for PBXNativeTarget "TidalCodingChallengeTests" */;
			buildPhases = (
				4C42C07127DCC71800E87EB3 /* Sources */,
				4C42C07227DCC71800E87EB3 /* Frameworks */,
				4C42C07327DCC71800E87EB3 /* Resources */,
			);
			buildRules = (
			);
			dependencies = (
				4C42C07727DCC71800E87EB3 /* PBXTargetDependency */,
			);
			name = TidalCodingChallengeTests;
			productName = TidalCodingChallengeTests;
			productReference = 4C42C07527DCC71800E87EB3 /* TidalCodingChallengeTests.xctest */;
			productType = "com.apple.product-type.bundle.unit-test";
		};
		4C42C07E27DCC71800E87EB3 /* TidalCodingChallengeUITests */ = {
			isa = PBXNativeTarget;
			buildConfigurationList = 4C42C08F27DCC71800E87EB3 /* Build configuration list for PBXNativeTarget "TidalCodingChallengeUITests" */;
			buildPhases = (
				4C42C07B27DCC71800E87EB3 /* Sources */,
				4C42C07C27DCC71800E87EB3 /* Frameworks */,
				4C42C07D27DCC71800E87EB3 /* Resources */,
			);
			buildRules = (
			);
			dependencies = (
				4C42C08127DCC71800E87EB3 /* PBXTargetDependency */,
			);
			name = TidalCodingChallengeUITests;
			productName = TidalCodingChallengeUITests;
			productReference = 4C42C07F27DCC71800E87EB3 /* TidalCodingChallengeUITests.xctest */;
			productType = "com.apple.product-type.bundle.ui-testing";
		};
/* End PBXNativeTarget section */

/* Begin PBXProject section */
		4C42C05D27DCC71700E87EB3 /* Project object */ = {
			isa = PBXProject;
			attributes = {
				BuildIndependentTargetsInParallel = 1;
				LastSwiftUpdateCheck = 1320;
				LastUpgradeCheck = 1320;
				TargetAttributes = {
					4C42C06427DCC71700E87EB3 = {
						CreatedOnToolsVersion = 13.2.1;
					};
					4C42C07427DCC71800E87EB3 = {
						CreatedOnToolsVersion = 13.2.1;
						TestTargetID = 4C42C06427DCC71700E87EB3;
					};
					4C42C07E27DCC71800E87EB3 = {
						CreatedOnToolsVersion = 13.2.1;
						TestTargetID = 4C42C06427DCC71700E87EB3;
					};
				};
			};
			buildConfigurationList = 4C42C06027DCC71700E87EB3 /* Build configuration list for PBXProject "TidalCodingChallenge" */;
			compatibilityVersion = "Xcode 13.0";
			developmentRegion = en;
			hasScannedForEncodings = 0;
			knownRegions = (
				en,
				Base,
			);
			mainGroup = 4C42C05C27DCC71700E87EB3;
			productRefGroup = 4C42C06627DCC71700E87EB3 /* Products */;
			projectDirPath = "";
			projectRoot = "";
			targets = (
				4C42C06427DCC71700E87EB3 /* TidalCodingChallenge */,
				4C42C07427DCC71800E87EB3 /* TidalCodingChallengeTests */,
				4C42C07E27DCC71800E87EB3 /* TidalCodingChallengeUITests */,
			);
		};
/* End PBXProject section */

/* Begin PBXResourcesBuildPhase section */
		4C42C06327DCC71700E87EB3 /* Resources */ = {
			isa = PBXResourcesBuildPhase;
			buildActionMask = 2147483647;
			files = (
				4C42C07027DCC71800E87EB3 /* Preview Assets.xcassets in Resources */,
				4C42C06D27DCC71800E87EB3 /* Assets.xcassets in Resources */,
			);
			runOnlyForDeploymentPostprocessing = 0;
		};
		4C42C07327DCC71800E87EB3 /* Resources */ = {
			isa = PBXResourcesBuildPhase;
			buildActionMask = 2147483647;
			files = (
				4C42C0A727DCCF2900E87EB3 /* testArtistSearch.json in Resources */,
				4C42C0A927DCCF2900E87EB3 /* testTrackSearch.json in Resources */,
				4C42C0A827DCCF2900E87EB3 /* testAlbumSearch.json in Resources */,
			);
			runOnlyForDeploymentPostprocessing = 0;
		};
		4C42C07D27DCC71800E87EB3 /* Resources */ = {
			isa = PBXResourcesBuildPhase;
			buildActionMask = 2147483647;
			files = (
			);
			runOnlyForDeploymentPostprocessing = 0;
		};
/* End PBXResourcesBuildPhase section */

/* Begin PBXSourcesBuildPhase section */
		4C42C06127DCC71700E87EB3 /* Sources */ = {
			isa = PBXSourcesBuildPhase;
			buildActionMask = 2147483647;
			files = (
				4C42C09A27DCCD4300E87EB3 /* StringExtensions.swift in Sources */,
				4C42C09C27DCCE1D00E87EB3 /* SearchedArtistResult.swift in Sources */,
				4C42C06B27DCC71700E87EB3 /* ContentView.swift in Sources */,
				4C42C06927DCC71700E87EB3 /* TidalCodingChallengeApp.swift in Sources */,
				4C42C09427DCCCF300E87EB3 /* Track.swift in Sources */,
				4C42C09827DCCD2400E87EB3 /* Artist.swift in Sources */,
				4C42C0A027DCCE6D00E87EB3 /* SearchedAlbumResult.swift in Sources */,
				4C42C09627DCCD0F00E87EB3 /* Album.swift in Sources */,
				4C42C09E27DCCE6600E87EB3 /* SearchedTrackResult.swift in Sources */,
			);
			runOnlyForDeploymentPostprocessing = 0;
		};
		4C42C07127DCC71800E87EB3 /* Sources */ = {
			isa = PBXSourcesBuildPhase;
			buildActionMask = 2147483647;
			files = (
				4C42C0AC27DCCF5B00E87EB3 /* XCTestCaseExtensions.swift in Sources */,
				4C42C0AE27DCCF8600E87EB3 /* SearchedArtistTests.swift in Sources */,
				4C42C0B427DCCFE700E87EB3 /* SearchedTrackTests.swift in Sources */,
				4C42C0B227DCCFDD00E87EB3 /* SearchedAlbumTests.swift in Sources */,
				4C42C07A27DCC71800E87EB3 /* TidalCodingChallengeTests.swift in Sources */,
			);
			runOnlyForDeploymentPostprocessing = 0;
		};
		4C42C07B27DCC71800E87EB3 /* Sources */ = {
			isa = PBXSourcesBuildPhase;
			buildActionMask = 2147483647;
			files = (
				4C42C08427DCC71800E87EB3 /* TidalCodingChallengeUITests.swift in Sources */,
				4C42C08627DCC71800E87EB3 /* TidalCodingChallengeUITestsLaunchTests.swift in Sources */,
			);
			runOnlyForDeploymentPostprocessing = 0;
		};
/* End PBXSourcesBuildPhase section */

/* Begin PBXTargetDependency section */
		4C42C07727DCC71800E87EB3 /* PBXTargetDependency */ = {
			isa = PBXTargetDependency;
			target = 4C42C06427DCC71700E87EB3 /* TidalCodingChallenge */;
			targetProxy = 4C42C07627DCC71800E87EB3 /* PBXContainerItemProxy */;
		};
		4C42C08127DCC71800E87EB3 /* PBXTargetDependency */ = {
			isa = PBXTargetDependency;
			target = 4C42C06427DCC71700E87EB3 /* TidalCodingChallenge */;
			targetProxy = 4C42C08027DCC71800E87EB3 /* PBXContainerItemProxy */;
		};
/* End PBXTargetDependency section */

/* Begin XCBuildConfiguration section */
		4C42C08727DCC71800E87EB3 /* Debug */ = {
			isa = XCBuildConfiguration;
			buildSettings = {
				ALWAYS_SEARCH_USER_PATHS = NO;
				CLANG_ANALYZER_NONNULL = YES;
				CLANG_ANALYZER_NUMBER_OBJECT_CONVERSION = YES_AGGRESSIVE;
				CLANG_CXX_LANGUAGE_STANDARD = "gnu++17";
				CLANG_CXX_LIBRARY = "libc++";
				CLANG_ENABLE_MODULES = YES;
				CLANG_ENABLE_OBJC_ARC = YES;
				CLANG_ENABLE_OBJC_WEAK = YES;
				CLANG_WARN_BLOCK_CAPTURE_AUTORELEASING = YES;
				CLANG_WARN_BOOL_CONVERSION = YES;
				CLANG_WARN_COMMA = YES;
				CLANG_WARN_CONSTANT_CONVERSION = YES;
				CLANG_WARN_DEPRECATED_OBJC_IMPLEMENTATIONS = YES;
				CLANG_WARN_DIRECT_OBJC_ISA_USAGE = YES_ERROR;
				CLANG_WARN_DOCUMENTATION_COMMENTS = YES;
				CLANG_WARN_EMPTY_BODY = YES;
				CLANG_WARN_ENUM_CONVERSION = YES;
				CLANG_WARN_INFINITE_RECURSION = YES;
				CLANG_WARN_INT_CONVERSION = YES;
				CLANG_WARN_NON_LITERAL_NULL_CONVERSION = YES;
				CLANG_WARN_OBJC_IMPLICIT_RETAIN_SELF = YES;
				CLANG_WARN_OBJC_LITERAL_CONVERSION = YES;
				CLANG_WARN_OBJC_ROOT_CLASS = YES_ERROR;
				CLANG_WARN_QUOTED_INCLUDE_IN_FRAMEWORK_HEADER = YES;
				CLANG_WARN_RANGE_LOOP_ANALYSIS = YES;
				CLANG_WARN_STRICT_PROTOTYPES = YES;
				CLANG_WARN_SUSPICIOUS_MOVE = YES;
				CLANG_WARN_UNGUARDED_AVAILABILITY = YES_AGGRESSIVE;
				CLANG_WARN_UNREACHABLE_CODE = YES;
				CLANG_WARN__DUPLICATE_METHOD_MATCH = YES;
				COPY_PHASE_STRIP = NO;
				DEBUG_INFORMATION_FORMAT = dwarf;
				ENABLE_STRICT_OBJC_MSGSEND = YES;
				ENABLE_TESTABILITY = YES;
				GCC_C_LANGUAGE_STANDARD = gnu11;
				GCC_DYNAMIC_NO_PIC = NO;
				GCC_NO_COMMON_BLOCKS = YES;
				GCC_OPTIMIZATION_LEVEL = 0;
				GCC_PREPROCESSOR_DEFINITIONS = (
					"DEBUG=1",
					"$(inherited)",
				);
				GCC_WARN_64_TO_32_BIT_CONVERSION = YES;
				GCC_WARN_ABOUT_RETURN_TYPE = YES_ERROR;
				GCC_WARN_UNDECLARED_SELECTOR = YES;
				GCC_WARN_UNINITIALIZED_AUTOS = YES_AGGRESSIVE;
				GCC_WARN_UNUSED_FUNCTION = YES;
				GCC_WARN_UNUSED_VARIABLE = YES;
				IPHONEOS_DEPLOYMENT_TARGET = 15.2;
				MTL_ENABLE_DEBUG_INFO = INCLUDE_SOURCE;
				MTL_FAST_MATH = YES;
				ONLY_ACTIVE_ARCH = YES;
				SDKROOT = iphoneos;
				SWIFT_ACTIVE_COMPILATION_CONDITIONS = DEBUG;
				SWIFT_OPTIMIZATION_LEVEL = "-Onone";
			};
			name = Debug;
		};
		4C42C08827DCC71800E87EB3 /* Release */ = {
			isa = XCBuildConfiguration;
			buildSettings = {
				ALWAYS_SEARCH_USER_PATHS = NO;
				CLANG_ANALYZER_NONNULL = YES;
				CLANG_ANALYZER_NUMBER_OBJECT_CONVERSION = YES_AGGRESSIVE;
				CLANG_CXX_LANGUAGE_STANDARD = "gnu++17";
				CLANG_CXX_LIBRARY = "libc++";
				CLANG_ENABLE_MODULES = YES;
				CLANG_ENABLE_OBJC_ARC = YES;
				CLANG_ENABLE_OBJC_WEAK = YES;
				CLANG_WARN_BLOCK_CAPTURE_AUTORELEASING = YES;
				CLANG_WARN_BOOL_CONVERSION = YES;
				CLANG_WARN_COMMA = YES;
				CLANG_WARN_CONSTANT_CONVERSION = YES;
				CLANG_WARN_DEPRECATED_OBJC_IMPLEMENTATIONS = YES;
				CLANG_WARN_DIRECT_OBJC_ISA_USAGE = YES_ERROR;
				CLANG_WARN_DOCUMENTATION_COMMENTS = YES;
				CLANG_WARN_EMPTY_BODY = YES;
				CLANG_WARN_ENUM_CONVERSION = YES;
				CLANG_WARN_INFINITE_RECURSION = YES;
				CLANG_WARN_INT_CONVERSION = YES;
				CLANG_WARN_NON_LITERAL_NULL_CONVERSION = YES;
				CLANG_WARN_OBJC_IMPLICIT_RETAIN_SELF = YES;
				CLANG_WARN_OBJC_LITERAL_CONVERSION = YES;
				CLANG_WARN_OBJC_ROOT_CLASS = YES_ERROR;
				CLANG_WARN_QUOTED_INCLUDE_IN_FRAMEWORK_HEADER = YES;
				CLANG_WARN_RANGE_LOOP_ANALYSIS = YES;
				CLANG_WARN_STRICT_PROTOTYPES = YES;
				CLANG_WARN_SUSPICIOUS_MOVE = YES;
				CLANG_WARN_UNGUARDED_AVAILABILITY = YES_AGGRESSIVE;
				CLANG_WARN_UNREACHABLE_CODE = YES;
				CLANG_WARN__DUPLICATE_METHOD_MATCH = YES;
				COPY_PHASE_STRIP = NO;
				DEBUG_INFORMATION_FORMAT = "dwarf-with-dsym";
				ENABLE_NS_ASSERTIONS = NO;
				ENABLE_STRICT_OBJC_MSGSEND = YES;
				GCC_C_LANGUAGE_STANDARD = gnu11;
				GCC_NO_COMMON_BLOCKS = YES;
				GCC_WARN_64_TO_32_BIT_CONVERSION = YES;
				GCC_WARN_ABOUT_RETURN_TYPE = YES_ERROR;
				GCC_WARN_UNDECLARED_SELECTOR = YES;
				GCC_WARN_UNINITIALIZED_AUTOS = YES_AGGRESSIVE;
				GCC_WARN_UNUSED_FUNCTION = YES;
				GCC_WARN_UNUSED_VARIABLE = YES;
				IPHONEOS_DEPLOYMENT_TARGET = 15.2;
				MTL_ENABLE_DEBUG_INFO = NO;
				MTL_FAST_MATH = YES;
				SDKROOT = iphoneos;
				SWIFT_COMPILATION_MODE = wholemodule;
				SWIFT_OPTIMIZATION_LEVEL = "-O";
				VALIDATE_PRODUCT = YES;
			};
			name = Release;
		};
		4C42C08A27DCC71800E87EB3 /* Debug */ = {
			isa = XCBuildConfiguration;
			buildSettings = {
				ASSETCATALOG_COMPILER_APPICON_NAME = AppIcon;
				ASSETCATALOG_COMPILER_GLOBAL_ACCENT_COLOR_NAME = AccentColor;
				CODE_SIGN_STYLE = Automatic;
				CURRENT_PROJECT_VERSION = 1;
				DEVELOPMENT_ASSET_PATHS = "\"TidalCodingChallenge/Resources/Preview Content\"";
				DEVELOPMENT_TEAM = 38DEJUL48H;
				ENABLE_PREVIEWS = YES;
				GENERATE_INFOPLIST_FILE = YES;
				INFOPLIST_KEY_UIApplicationSceneManifest_Generation = YES;
				INFOPLIST_KEY_UIApplicationSupportsIndirectInputEvents = YES;
				INFOPLIST_KEY_UILaunchScreen_Generation = YES;
				INFOPLIST_KEY_UISupportedInterfaceOrientations_iPad = "UIInterfaceOrientationPortrait UIInterfaceOrientationPortraitUpsideDown UIInterfaceOrientationLandscapeLeft UIInterfaceOrientationLandscapeRight";
				INFOPLIST_KEY_UISupportedInterfaceOrientations_iPhone = "UIInterfaceOrientationPortrait UIInterfaceOrientationLandscapeLeft UIInterfaceOrientationLandscapeRight";
				LD_RUNPATH_SEARCH_PATHS = (
					"$(inherited)",
					"@executable_path/Frameworks",
				);
				MARKETING_VERSION = 1.0;
				PRODUCT_BUNDLE_IDENTIFIER = com.creativemic.TidalCodingChallenge;
				PRODUCT_NAME = "$(TARGET_NAME)";
				SWIFT_EMIT_LOC_STRINGS = YES;
				SWIFT_VERSION = 5.0;
				TARGETED_DEVICE_FAMILY = "1,2";
			};
			name = Debug;
		};
		4C42C08B27DCC71800E87EB3 /* Release */ = {
			isa = XCBuildConfiguration;
			buildSettings = {
				ASSETCATALOG_COMPILER_APPICON_NAME = AppIcon;
				ASSETCATALOG_COMPILER_GLOBAL_ACCENT_COLOR_NAME = AccentColor;
				CODE_SIGN_STYLE = Automatic;
				CURRENT_PROJECT_VERSION = 1;
				DEVELOPMENT_ASSET_PATHS = "\"TidalCodingChallenge/Resources/Preview Content\"";
				DEVELOPMENT_TEAM = 38DEJUL48H;
				ENABLE_PREVIEWS = YES;
				GENERATE_INFOPLIST_FILE = YES;
				INFOPLIST_KEY_UIApplicationSceneManifest_Generation = YES;
				INFOPLIST_KEY_UIApplicationSupportsIndirectInputEvents = YES;
				INFOPLIST_KEY_UILaunchScreen_Generation = YES;
				INFOPLIST_KEY_UISupportedInterfaceOrientations_iPad = "UIInterfaceOrientationPortrait UIInterfaceOrientationPortraitUpsideDown UIInterfaceOrientationLandscapeLeft UIInterfaceOrientationLandscapeRight";
				INFOPLIST_KEY_UISupportedInterfaceOrientations_iPhone = "UIInterfaceOrientationPortrait UIInterfaceOrientationLandscapeLeft UIInterfaceOrientationLandscapeRight";
				LD_RUNPATH_SEARCH_PATHS = (
					"$(inherited)",
					"@executable_path/Frameworks",
				);
				MARKETING_VERSION = 1.0;
				PRODUCT_BUNDLE_IDENTIFIER = com.creativemic.TidalCodingChallenge;
				PRODUCT_NAME = "$(TARGET_NAME)";
				SWIFT_EMIT_LOC_STRINGS = YES;
				SWIFT_VERSION = 5.0;
				TARGETED_DEVICE_FAMILY = "1,2";
			};
			name = Release;
		};
		4C42C08D27DCC71800E87EB3 /* Debug */ = {
			isa = XCBuildConfiguration;
			buildSettings = {
				ALWAYS_EMBED_SWIFT_STANDARD_LIBRARIES = YES;
				BUNDLE_LOADER = "$(TEST_HOST)";
				CODE_SIGN_STYLE = Automatic;
				CURRENT_PROJECT_VERSION = 1;
				DEVELOPMENT_TEAM = 38DEJUL48H;
				GENERATE_INFOPLIST_FILE = YES;
				IPHONEOS_DEPLOYMENT_TARGET = 15.2;
				MARKETING_VERSION = 1.0;
				PRODUCT_BUNDLE_IDENTIFIER = com.creativemic.TidalCodingChallengeTests;
				PRODUCT_NAME = "$(TARGET_NAME)";
				SWIFT_EMIT_LOC_STRINGS = NO;
				SWIFT_VERSION = 5.0;
				TARGETED_DEVICE_FAMILY = "1,2";
				TEST_HOST = "$(BUILT_PRODUCTS_DIR)/TidalCodingChallenge.app/TidalCodingChallenge";
			};
			name = Debug;
		};
		4C42C08E27DCC71800E87EB3 /* Release */ = {
			isa = XCBuildConfiguration;
			buildSettings = {
				ALWAYS_EMBED_SWIFT_STANDARD_LIBRARIES = YES;
				BUNDLE_LOADER = "$(TEST_HOST)";
				CODE_SIGN_STYLE = Automatic;
				CURRENT_PROJECT_VERSION = 1;
				DEVELOPMENT_TEAM = 38DEJUL48H;
				GENERATE_INFOPLIST_FILE = YES;
				IPHONEOS_DEPLOYMENT_TARGET = 15.2;
				MARKETING_VERSION = 1.0;
				PRODUCT_BUNDLE_IDENTIFIER = com.creativemic.TidalCodingChallengeTests;
				PRODUCT_NAME = "$(TARGET_NAME)";
				SWIFT_EMIT_LOC_STRINGS = NO;
				SWIFT_VERSION = 5.0;
				TARGETED_DEVICE_FAMILY = "1,2";
				TEST_HOST = "$(BUILT_PRODUCTS_DIR)/TidalCodingChallenge.app/TidalCodingChallenge";
			};
			name = Release;
		};
		4C42C09027DCC71800E87EB3 /* Debug */ = {
			isa = XCBuildConfiguration;
			buildSettings = {
				ALWAYS_EMBED_SWIFT_STANDARD_LIBRARIES = YES;
				CODE_SIGN_STYLE = Automatic;
				CURRENT_PROJECT_VERSION = 1;
				DEVELOPMENT_TEAM = 38DEJUL48H;
				GENERATE_INFOPLIST_FILE = YES;
				MARKETING_VERSION = 1.0;
				PRODUCT_BUNDLE_IDENTIFIER = com.creativemic.TidalCodingChallengeUITests;
				PRODUCT_NAME = "$(TARGET_NAME)";
				SWIFT_EMIT_LOC_STRINGS = NO;
				SWIFT_VERSION = 5.0;
				TARGETED_DEVICE_FAMILY = "1,2";
				TEST_TARGET_NAME = TidalCodingChallenge;
			};
			name = Debug;
		};
		4C42C09127DCC71800E87EB3 /* Release */ = {
			isa = XCBuildConfiguration;
			buildSettings = {
				ALWAYS_EMBED_SWIFT_STANDARD_LIBRARIES = YES;
				CODE_SIGN_STYLE = Automatic;
				CURRENT_PROJECT_VERSION = 1;
				DEVELOPMENT_TEAM = 38DEJUL48H;
				GENERATE_INFOPLIST_FILE = YES;
				MARKETING_VERSION = 1.0;
				PRODUCT_BUNDLE_IDENTIFIER = com.creativemic.TidalCodingChallengeUITests;
				PRODUCT_NAME = "$(TARGET_NAME)";
				SWIFT_EMIT_LOC_STRINGS = NO;
				SWIFT_VERSION = 5.0;
				TARGETED_DEVICE_FAMILY = "1,2";
				TEST_TARGET_NAME = TidalCodingChallenge;
			};
			name = Release;
		};
/* End XCBuildConfiguration section */

/* Begin XCConfigurationList section */
		4C42C06027DCC71700E87EB3 /* Build configuration list for PBXProject "TidalCodingChallenge" */ = {
			isa = XCConfigurationList;
			buildConfigurations = (
				4C42C08727DCC71800E87EB3 /* Debug */,
				4C42C08827DCC71800E87EB3 /* Release */,
			);
			defaultConfigurationIsVisible = 0;
			defaultConfigurationName = Release;
		};
		4C42C08927DCC71800E87EB3 /* Build configuration list for PBXNativeTarget "TidalCodingChallenge" */ = {
			isa = XCConfigurationList;
			buildConfigurations = (
				4C42C08A27DCC71800E87EB3 /* Debug */,
				4C42C08B27DCC71800E87EB3 /* Release */,
			);
			defaultConfigurationIsVisible = 0;
			defaultConfigurationName = Release;
		};
		4C42C08C27DCC71800E87EB3 /* Build configuration list for PBXNativeTarget "TidalCodingChallengeTests" */ = {
			isa = XCConfigurationList;
			buildConfigurations = (
				4C42C08D27DCC71800E87EB3 /* Debug */,
				4C42C08E27DCC71800E87EB3 /* Release */,
			);
			defaultConfigurationIsVisible = 0;
			defaultConfigurationName = Release;
		};
		4C42C08F27DCC71800E87EB3 /* Build configuration list for PBXNativeTarget "TidalCodingChallengeUITests" */ = {
			isa = XCConfigurationList;
			buildConfigurations = (
				4C42C09027DCC71800E87EB3 /* Debug */,
				4C42C09127DCC71800E87EB3 /* Release */,
			);
			defaultConfigurationIsVisible = 0;
			defaultConfigurationName = Release;
		};
/* End XCConfigurationList section */
	};
	rootObject = 4C42C05D27DCC71700E87EB3 /* Project object */;
}
